
Microsoft Visual Studio Solution File, Format Version 12.00
# Visual Studio Version 17
VisualStudioVersion = 17.0.31903.59
MinimumVisualStudioVersion = 10.0.40219.1
Project("{2150E333-8FDC-42A3-9474-1A3956D46DE8}") = "src", "src", "{D3DE1BAC-5E5D-471F-A2A2-A8A9C9A73B4B}"
EndProject
Project("{FAE04EC0-301F-11D3-BF4B-00C04F79EFBC}") = "HospitalAppointmentSystem.Core", "src\HospitalAppointmentSystem.Core\HospitalAppointmentSystem.Core.csproj", "{233FEFC2-CD87-423B-863A-32929BBE82D9}"
EndProject
Project("{FAE04EC0-301F-11D3-BF4B-00C04F79EFBC}") = "HospitalAppointmentSystem.API", "src\HospitalAppointmentSystem.API\HospitalAppointmentSystem.API.csproj", "{0EACD3CD-9634-4CF7-818E-10E39B0DABB8}"
EndProject
Global
	GlobalSection(SolutionConfigurationPlatforms) = preSolution
		Debug|Any CPU = Debug|Any CPU
		Release|Any CPU = Release|Any CPU
	EndGlobalSection
	GlobalSection(SolutionProperties) = preSolution
		HideSolutionNode = FALSE
	EndGlobalSection
	GlobalSection(ProjectConfigurationPlatforms) = postSolution
		{233FEFC2-CD87-423B-863A-32929BBE82D9}.Debug|Any CPU.ActiveCfg = Debug|Any CPU
		{233FEFC2-CD87-423B-863A-32929BBE82D9}.Debug|Any CPU.Build.0 = Debug|Any CPU
		{233FEFC2-CD87-423B-863A-32929BBE82D9}.Release|Any CPU.ActiveCfg = Release|Any CPU
		{233FEFC2-CD87-423B-863A-32929BBE82D9}.Release|Any CPU.Build.0 = Release|Any CPU
		{0EACD3CD-9634-4CF7-818E-10E39B0DABB8}.Debug|Any CPU.ActiveCfg = Debug|Any CPU
		{0EACD3CD-9634-4CF7-818E-10E39B0DABB8}.Debug|Any CPU.Build.0 = Debug|Any CPU
		{0EACD3CD-9634-4CF7-818E-10E39B0DABB8}.Release|Any CPU.ActiveCfg = Release|Any CPU
		{0EACD3CD-9634-4CF7-818E-10E39B0DABB8}.Release|Any CPU.Build.0 = Release|Any CPU
	EndGlobalSection
	GlobalSection(NestedProjects) = preSolution
		{233FEFC2-CD87-423B-863A-32929BBE82D9} = {D3DE1BAC-5E5D-471F-A2A2-A8A9C9A73B4B}
		{0EACD3CD-9634-4CF7-818E-10E39B0DABB8} = {D3DE1BAC-5E5D-471F-A2A2-A8A9C9A73B4B}
	EndGlobalSection
EndGlobal
